
Microsoft Visual Studio Solution File, Format Version 12.00
# Visual Studio 15
VisualStudioVersion = 15.0.26730.16
MinimumVisualStudioVersion = 10.0.40219.1
Project("{FAE04EC0-301F-11D3-BF4B-00C04F79EFBC}") = "GetMyIpLib", "GetMyIpLib\GetMyIpLib.csproj", "{8DBCC3DE-6A46-4C66-8FED-5782C9D8635B}"
EndProject
Project("{FAE04EC0-301F-11D3-BF4B-00C04F79EFBC}") = "GetMyIpCLI", "GetMyIpCLI\GetMyIpCLI.csproj", "{F8DE65CD-DD28-4F9E-9BFC-BA1441656786}"
EndProject
Project("{FAE04EC0-301F-11D3-BF4B-00C04F79EFBC}") = "Tests", "Tests\Tests.csproj", "{AEF2E2B0-A982-43A2-85E5-6FBFD48F677D}"
EndProject
Project("{FAE04EC0-301F-11D3-BF4B-00C04F79EFBC}") = "GetIPGUI", "GetMyIpGui\GetIp\GetIPGUI.csproj", "{8D94972A-6C52-44FB-BE7C-E3F6129419EA}"
EndProject
Global
	GlobalSection(SolutionConfigurationPlatforms) = preSolution
		Debug|Any CPU = Debug|Any CPU
		Release|Any CPU = Release|Any CPU
	EndGlobalSection
	GlobalSection(ProjectConfigurationPlatforms) = postSolution
		{8DBCC3DE-6A46-4C66-8FED-5782C9D8635B}.Debug|Any CPU.ActiveCfg = Debug|Any CPU
		{8DBCC3DE-6A46-4C66-8FED-5782C9D8635B}.Debug|Any CPU.Build.0 = Debug|Any CPU
		{8DBCC3DE-6A46-4C66-8FED-5782C9D8635B}.Release|Any CPU.ActiveCfg = Release|Any CPU
		{8DBCC3DE-6A46-4C66-8FED-5782C9D8635B}.Release|Any CPU.Build.0 = Release|Any CPU
		{F8DE65CD-DD28-4F9E-9BFC-BA1441656786}.Debug|Any CPU.ActiveCfg = Debug|Any CPU
		{F8DE65CD-DD28-4F9E-9BFC-BA1441656786}.Debug|Any CPU.Build.0 = Debug|Any CPU
		{F8DE65CD-DD28-4F9E-9BFC-BA1441656786}.Release|Any CPU.ActiveCfg = Release|Any CPU
		{F8DE65CD-DD28-4F9E-9BFC-BA1441656786}.Release|Any CPU.Build.0 = Release|Any CPU
		{AEF2E2B0-A982-43A2-85E5-6FBFD48F677D}.Debug|Any CPU.ActiveCfg = Debug|Any CPU
		{AEF2E2B0-A982-43A2-85E5-6FBFD48F677D}.Debug|Any CPU.Build.0 = Debug|Any CPU
		{AEF2E2B0-A982-43A2-85E5-6FBFD48F677D}.Release|Any CPU.ActiveCfg = Release|Any CPU
		{AEF2E2B0-A982-43A2-85E5-6FBFD48F677D}.Release|Any CPU.Build.0 = Release|Any CPU
		{8D94972A-6C52-44FB-BE7C-E3F6129419EA}.Debug|Any CPU.ActiveCfg = Debug|Any CPU
		{8D94972A-6C52-44FB-BE7C-E3F6129419EA}.Debug|Any CPU.Build.0 = Debug|Any CPU
		{8D94972A-6C52-44FB-BE7C-E3F6129419EA}.Release|Any CPU.ActiveCfg = Release|Any CPU
		{8D94972A-6C52-44FB-BE7C-E3F6129419EA}.Release|Any CPU.Build.0 = Release|Any CPU
	EndGlobalSection
	GlobalSection(SolutionProperties) = preSolution
		HideSolutionNode = FALSE
	EndGlobalSection
	GlobalSection(ExtensibilityGlobals) = postSolution
		SolutionGuid = {0765A790-CE67-410A-B059-DE91AA1DE62B}
	EndGlobalSection
EndGlobal
